
Microsoft Visual Studio Solution File, Format Version 12.00
# Visual Studio Version 16
VisualStudioVersion = 16.0.29418.71
MinimumVisualStudioVersion = 10.0.40219.1
Project("{9A19103F-16F7-4668-BE54-9A1E7A4F7556}") = "CTU Recruits", "CTU Recruits\CTU Recruits.csproj", "{95AD4B2E-157E-481F-856F-41D23A36E86A}"
EndProject
Global
	GlobalSection(SolutionConfigurationPlatforms) = preSolution
		Debug|Any CPU = Debug|Any CPU
		Release|Any CPU = Release|Any CPU
	EndGlobalSection
	GlobalSection(ProjectConfigurationPlatforms) = postSolution
		{95AD4B2E-157E-481F-856F-41D23A36E86A}.Debug|Any CPU.ActiveCfg = Debug|Any CPU
		{95AD4B2E-157E-481F-856F-41D23A36E86A}.Debug|Any CPU.Build.0 = Debug|Any CPU
		{95AD4B2E-157E-481F-856F-41D23A36E86A}.Release|Any CPU.ActiveCfg = Release|Any CPU
		{95AD4B2E-157E-481F-856F-41D23A36E86A}.Release|Any CPU.Build.0 = Release|Any CPU
	EndGlobalSection
	GlobalSection(SolutionProperties) = preSolution
		HideSolutionNode = FALSE
	EndGlobalSection
	GlobalSection(ExtensibilityGlobals) = postSolution
		SolutionGuid = {4670BFFB-3E9E-4BBD-83D0-DD1B5533B7EB}
	EndGlobalSection
EndGlobal
